
Microsoft Visual Studio Solution File, Format Version 12.00
# Visual Studio Version 16
VisualStudioVersion = 16.0.29403.142
MinimumVisualStudioVersion = 10.0.40219.1
Project("{FAE04EC0-301F-11D3-BF4B-00C04F79EFBC}") = "WindowsFormsApp1", "WindowsFormsApp1\WindowsFormsApp1.csproj", "{0E845E9B-6C3F-4CDD-B00C-F0D6EE99C44F}"
EndProject
Project("{FAE04EC0-301F-11D3-BF4B-00C04F79EFBC}") = "LoginDemo", "LoginDemo\LoginDemo.csproj", "{6AAF410F-81D7-4452-AC99-91511C7E810E}"
EndProject
Global
	GlobalSection(SolutionConfigurationPlatforms) = preSolution
		Debug|Any CPU = Debug|Any CPU
		Release|Any CPU = Release|Any CPU
	EndGlobalSection
	GlobalSection(ProjectConfigurationPlatforms) = postSolution
		{0E845E9B-6C3F-4CDD-B00C-F0D6EE99C44F}.Debug|Any CPU.ActiveCfg = Debug|Any CPU
		{0E845E9B-6C3F-4CDD-B00C-F0D6EE99C44F}.Debug|Any CPU.Build.0 = Debug|Any CPU
		{0E845E9B-6C3F-4CDD-B00C-F0D6EE99C44F}.Release|Any CPU.ActiveCfg = Release|Any CPU
		{0E845E9B-6C3F-4CDD-B00C-F0D6EE99C44F}.Release|Any CPU.Build.0 = Release|Any CPU
		{6AAF410F-81D7-4452-AC99-91511C7E810E}.Debug|Any CPU.ActiveCfg = Debug|Any CPU
		{6AAF410F-81D7-4452-AC99-91511C7E810E}.Debug|Any CPU.Build.0 = Debug|Any CPU
		{6AAF410F-81D7-4452-AC99-91511C7E810E}.Release|Any CPU.ActiveCfg = Release|Any CPU
		{6AAF410F-81D7-4452-AC99-91511C7E810E}.Release|Any CPU.Build.0 = Release|Any CPU
	EndGlobalSection
	GlobalSection(SolutionProperties) = preSolution
		HideSolutionNode = FALSE
	EndGlobalSection
	GlobalSection(ExtensibilityGlobals) = postSolution
		SolutionGuid = {5B7F25C2-B151-4002-9674-B28EB3DE6989}
	EndGlobalSection
EndGlobal
